
Microsoft Visual Studio Solution File, Format Version 12.00
# Visual Studio 2012
Project("{FAE04EC0-301F-11D3-BF4B-00C04F79EFBC}") = "HockeyApp.Droid", "HockeyApp.Droid.csproj", "{8A2CEBDD-6F77-462A-B26D-B5D1A9A80051}"
EndProject
Global
	GlobalSection(SolutionConfigurationPlatforms) = preSolution
		Debug|Any CPU = Debug|Any CPU
		Release|Any CPU = Release|Any CPU
		Debug|x86 = Debug|x86
		Release|x86 = Release|x86
	EndGlobalSection
	GlobalSection(ProjectConfigurationPlatforms) = postSolution
		{8A2CEBDD-6F77-462A-B26D-B5D1A9A80051}.Debug|Any CPU.ActiveCfg = Debug|Any CPU
		{8A2CEBDD-6F77-462A-B26D-B5D1A9A80051}.Debug|Any CPU.Build.0 = Debug|Any CPU
		{8A2CEBDD-6F77-462A-B26D-B5D1A9A80051}.Release|Any CPU.ActiveCfg = Release|Any CPU
		{8A2CEBDD-6F77-462A-B26D-B5D1A9A80051}.Release|Any CPU.Build.0 = Release|Any CPU
		{8A2CEBDD-6F77-462A-B26D-B5D1A9A80051}.Debug|x86.ActiveCfg = Debug|x86
		{8A2CEBDD-6F77-462A-B26D-B5D1A9A80051}.Debug|x86.Build.0 = Debug|x86
		{8A2CEBDD-6F77-462A-B26D-B5D1A9A80051}.Release|x86.ActiveCfg = Release|x86
		{8A2CEBDD-6F77-462A-B26D-B5D1A9A80051}.Release|x86.Build.0 = Release|x86
	EndGlobalSection
EndGlobal
